
Microsoft Visual Studio Solution File, Format Version 12.00
# Visual Studio Version 17
VisualStudioVersion = 17.5.33516.290
MinimumVisualStudioVersion = 10.0.40219.1
Project("{FAE04EC0-301F-11D3-BF4B-00C04F79EFBC}") = "Ejercicio03.Android", "Ejercicio03\Ejercicio03.Android\Ejercicio03.Android.csproj", "{3EE1FBB0-925C-46ED-AAF4-50B4F1331C55}"
EndProject
Project("{FAE04EC0-301F-11D3-BF4B-00C04F79EFBC}") = "Ejercicio03.iOS", "Ejercicio03\Ejercicio03.iOS\Ejercicio03.iOS.csproj", "{B0083756-09BB-4B56-9F10-69CB7ED27F80}"
EndProject
Project("{FAE04EC0-301F-11D3-BF4B-00C04F79EFBC}") = "Ejercicio03", "Ejercicio03\Ejercicio03\Ejercicio03.csproj", "{F7B92A04-1CD0-4AEF-B8F0-357B0ADE774D}"
EndProject
Global
	GlobalSection(SolutionConfigurationPlatforms) = preSolution
		Debug|Any CPU = Debug|Any CPU
		Debug|iPhone = Debug|iPhone
		Debug|iPhoneSimulator = Debug|iPhoneSimulator
		Release|Any CPU = Release|Any CPU
		Release|iPhone = Release|iPhone
		Release|iPhoneSimulator = Release|iPhoneSimulator
	EndGlobalSection
	GlobalSection(ProjectConfigurationPlatforms) = postSolution
		{3EE1FBB0-925C-46ED-AAF4-50B4F1331C55}.Debug|Any CPU.ActiveCfg = Debug|Any CPU
		{3EE1FBB0-925C-46ED-AAF4-50B4F1331C55}.Debug|Any CPU.Build.0 = Debug|Any CPU
		{3EE1FBB0-925C-46ED-AAF4-50B4F1331C55}.Debug|Any CPU.Deploy.0 = Debug|Any CPU
		{3EE1FBB0-925C-46ED-AAF4-50B4F1331C55}.Debug|iPhone.ActiveCfg = Debug|Any CPU
		{3EE1FBB0-925C-46ED-AAF4-50B4F1331C55}.Debug|iPhone.Build.0 = Debug|Any CPU
		{3EE1FBB0-925C-46ED-AAF4-50B4F1331C55}.Debug|iPhone.Deploy.0 = Debug|Any CPU
		{3EE1FBB0-925C-46ED-AAF4-50B4F1331C55}.Debug|iPhoneSimulator.ActiveCfg = Debug|Any CPU
		{3EE1FBB0-925C-46ED-AAF4-50B4F1331C55}.Debug|iPhoneSimulator.Build.0 = Debug|Any CPU
		{3EE1FBB0-925C-46ED-AAF4-50B4F1331C55}.Debug|iPhoneSimulator.Deploy.0 = Debug|Any CPU
		{3EE1FBB0-925C-46ED-AAF4-50B4F1331C55}.Release|Any CPU.ActiveCfg = Release|Any CPU
		{3EE1FBB0-925C-46ED-AAF4-50B4F1331C55}.Release|Any CPU.Build.0 = Release|Any CPU
		{3EE1FBB0-925C-46ED-AAF4-50B4F1331C55}.Release|Any CPU.Deploy.0 = Release|Any CPU
		{3EE1FBB0-925C-46ED-AAF4-50B4F1331C55}.Release|iPhone.ActiveCfg = Release|Any CPU
		{3EE1FBB0-925C-46ED-AAF4-50B4F1331C55}.Release|iPhone.Build.0 = Release|Any CPU
		{3EE1FBB0-925C-46ED-AAF4-50B4F1331C55}.Release|iPhone.Deploy.0 = Release|Any CPU
		{3EE1FBB0-925C-46ED-AAF4-50B4F1331C55}.Release|iPhoneSimulator.ActiveCfg = Release|Any CPU
		{3EE1FBB0-925C-46ED-AAF4-50B4F1331C55}.Release|iPhoneSimulator.Build.0 = Release|Any CPU
		{3EE1FBB0-925C-46ED-AAF4-50B4F1331C55}.Release|iPhoneSimulator.Deploy.0 = Release|Any CPU
		{B0083756-09BB-4B56-9F10-69CB7ED27F80}.Debug|Any CPU.ActiveCfg = Debug|iPhone
		{B0083756-09BB-4B56-9F10-69CB7ED27F80}.Debug|Any CPU.Build.0 = Debug|iPhone
		{B0083756-09BB-4B56-9F10-69CB7ED27F80}.Debug|Any CPU.Deploy.0 = Debug|iPhone
		{B0083756-09BB-4B56-9F10-69CB7ED27F80}.Debug|iPhone.ActiveCfg = Debug|iPhone
		{B0083756-09BB-4B56-9F10-69CB7ED27F80}.Debug|iPhone.Build.0 = Debug|iPhone
		{B0083756-09BB-4B56-9F10-69CB7ED27F80}.Debug|iPhone.Deploy.0 = Debug|iPhone
		{B0083756-09BB-4B56-9F10-69CB7ED27F80}.Debug|iPhoneSimulator.ActiveCfg = Debug|iPhoneSimulator
		{B0083756-09BB-4B56-9F10-69CB7ED27F80}.Debug|iPhoneSimulator.Build.0 = Debug|iPhoneSimulator
		{B0083756-09BB-4B56-9F10-69CB7ED27F80}.Debug|iPhoneSimulator.Deploy.0 = Debug|iPhoneSimulator
		{B0083756-09BB-4B56-9F10-69CB7ED27F80}.Release|Any CPU.ActiveCfg = Release|iPhoneSimulator
		{B0083756-09BB-4B56-9F10-69CB7ED27F80}.Release|Any CPU.Build.0 = Release|iPhoneSimulator
		{B0083756-09BB-4B56-9F10-69CB7ED27F80}.Release|Any CPU.Deploy.0 = Release|iPhoneSimulator
		{B0083756-09BB-4B56-9F10-69CB7ED27F80}.Release|iPhone.ActiveCfg = Release|iPhone
		{B0083756-09BB-4B56-9F10-69CB7ED27F80}.Release|iPhone.Build.0 = Release|iPhone
		{B0083756-09BB-4B56-9F10-69CB7ED27F80}.Release|iPhone.Deploy.0 = Release|iPhone
		{B0083756-09BB-4B56-9F10-69CB7ED27F80}.Release|iPhoneSimulator.ActiveCfg = Release|iPhoneSimulator
		{B0083756-09BB-4B56-9F10-69CB7ED27F80}.Release|iPhoneSimulator.Build.0 = Release|iPhoneSimulator
		{B0083756-09BB-4B56-9F10-69CB7ED27F80}.Release|iPhoneSimulator.Deploy.0 = Release|iPhoneSimulator
		{F7B92A04-1CD0-4AEF-B8F0-357B0ADE774D}.Debug|Any CPU.ActiveCfg = Debug|Any CPU
		{F7B92A04-1CD0-4AEF-B8F0-357B0ADE774D}.Debug|Any CPU.Build.0 = Debug|Any CPU
		{F7B92A04-1CD0-4AEF-B8F0-357B0ADE774D}.Debug|Any CPU.Deploy.0 = Debug|Any CPU
		{F7B92A04-1CD0-4AEF-B8F0-357B0ADE774D}.Debug|iPhone.ActiveCfg = Debug|Any CPU
		{F7B92A04-1CD0-4AEF-B8F0-357B0ADE774D}.Debug|iPhone.Build.0 = Debug|Any CPU
		{F7B92A04-1CD0-4AEF-B8F0-357B0ADE774D}.Debug|iPhone.Deploy.0 = Debug|Any CPU
		{F7B92A04-1CD0-4AEF-B8F0-357B0ADE774D}.Debug|iPhoneSimulator.ActiveCfg = Debug|Any CPU
		{F7B92A04-1CD0-4AEF-B8F0-357B0ADE774D}.Debug|iPhoneSimulator.Build.0 = Debug|Any CPU
		{F7B92A04-1CD0-4AEF-B8F0-357B0ADE774D}.Debug|iPhoneSimulator.Deploy.0 = Debug|Any CPU
		{F7B92A04-1CD0-4AEF-B8F0-357B0ADE774D}.Release|Any CPU.ActiveCfg = Release|Any CPU
		{F7B92A04-1CD0-4AEF-B8F0-357B0ADE774D}.Release|Any CPU.Build.0 = Release|Any CPU
		{F7B92A04-1CD0-4AEF-B8F0-357B0ADE774D}.Release|Any CPU.Deploy.0 = Release|Any CPU
		{F7B92A04-1CD0-4AEF-B8F0-357B0ADE774D}.Release|iPhone.ActiveCfg = Release|Any CPU
		{F7B92A04-1CD0-4AEF-B8F0-357B0ADE774D}.Release|iPhone.Build.0 = Release|Any CPU
		{F7B92A04-1CD0-4AEF-B8F0-357B0ADE774D}.Release|iPhone.Deploy.0 = Release|Any CPU
		{F7B92A04-1CD0-4AEF-B8F0-357B0ADE774D}.Release|iPhoneSimulator.ActiveCfg = Release|Any CPU
		{F7B92A04-1CD0-4AEF-B8F0-357B0ADE774D}.Release|iPhoneSimulator.Build.0 = Release|Any CPU
		{F7B92A04-1CD0-4AEF-B8F0-357B0ADE774D}.Release|iPhoneSimulator.Deploy.0 = Release|Any CPU
	EndGlobalSection
	GlobalSection(SolutionProperties) = preSolution
		HideSolutionNode = FALSE
	EndGlobalSection
	GlobalSection(ExtensibilityGlobals) = postSolution
		SolutionGuid = {1FFE91D2-5491-4130-B439-7B9E7855D8EB}
	EndGlobalSection
EndGlobal
